Microsoft Visual Studio Solution File, Format Version 12.00
# Visual Studio Version 17
VisualStudioVersion = 17.0.31903.59
MinimumVisualStudioVersion = 10.0.40219.1
Project("{FAE04EC0-301F-11D3-BF4B-00C04F79EFBC}") = "VoiceLiveConsoleApp", "src\VoiceLiveConsoleApp\VoiceLiveConsoleApp.csproj", "{12345678-1234-1234-1234-123456789012}"
EndProject
Project("{2150E333-8FDC-42A3-9474-1A3956D46DE8}") = "src", "src", "{AAAAAAAA-BBBB-CCCC-DDDD-EEEEEEEEEEEE}"
EndProject
Project("{2150E333-8FDC-42A3-9474-1A3956D46DE8}") = "docs", "docs", "{99999999-8888-7777-6666-555555555555}"
	ProjectSection(SolutionItems) = preProject
		CONTRIBUTING.md = CONTRIBUTING.md
		LICENSE = LICENSE
		README.md = README.md
	EndProjectSection
EndProject
Project("{FAE04EC0-301F-11D3-BF4B-00C04F79EFBC}") = "VoiceLiveAPI.Core", "src\VoiceLiveAPI.Core\VoiceLiveAPI.Core.csproj", "{DF8D160A-FD7B-4D84-8D6E-B385E2FC5245}"
EndProject
Project("{FAE04EC0-301F-11D3-BF4B-00C04F79EFBC}") = "VoiceLiveAPI.Avatars", "src\VoiceLiveAPI.Avatars\VoiceLiveAPI.Avatars.csproj", "{2A477EC8-5CF3-4E45-83E7-8823FFEF98D7}"
EndProject
Project("{FAE04EC0-301F-11D3-BF4B-00C04F79EFBC}") = "VoiceLiveAPI.Client", "src\VoiceLiveAPI.Client\VoiceLiveAPI.Client.csproj", "{399C4282-F380-423C-8099-41107F2DA3EC}"
EndProject
Project("{FAE04EC0-301F-11D3-BF4B-00C04F79EFBC}") = "VoiceLiveAPI.Server", "src\VoiceLiveAPI.Server\VoiceLiveAPI.Server.csproj", "{49377074-B247-452E-82ED-52BBA0BCCC69}"
EndProject
Project("{2150E333-8FDC-42A3-9474-1A3956D46DE8}") = "Solution Items", "Solution Items", "{DDB4EF12-CC4E-5E88-E6FC-71A802F4DE97}"
	ProjectSection(SolutionItems) = preProject
		.editorconfig = .editorconfig
	EndProjectSection
EndProject
Global
	GlobalSection(SolutionConfigurationPlatforms) = preSolution
		Debug|Any CPU = Debug|Any CPU
		Release|Any CPU = Release|Any CPU
	EndGlobalSection
	GlobalSection(ProjectConfigurationPlatforms) = postSolution
		{12345678-1234-1234-1234-123456789012}.Debug|Any CPU.ActiveCfg = Debug|Any CPU
		{12345678-1234-1234-1234-123456789012}.Debug|Any CPU.Build.0 = Debug|Any CPU
		{12345678-1234-1234-1234-123456789012}.Release|Any CPU.ActiveCfg = Release|Any CPU
		{12345678-1234-1234-1234-123456789012}.Release|Any CPU.Build.0 = Release|Any CPU
		{DF8D160A-FD7B-4D84-8D6E-B385E2FC5245}.Debug|Any CPU.ActiveCfg = Debug|Any CPU
		{DF8D160A-FD7B-4D84-8D6E-B385E2FC5245}.Debug|Any CPU.Build.0 = Debug|Any CPU
		{DF8D160A-FD7B-4D84-8D6E-B385E2FC5245}.Release|Any CPU.ActiveCfg = Release|Any CPU
		{DF8D160A-FD7B-4D84-8D6E-B385E2FC5245}.Release|Any CPU.Build.0 = Release|Any CPU
		{2A477EC8-5CF3-4E45-83E7-8823FFEF98D7}.Debug|Any CPU.ActiveCfg = Debug|Any CPU
		{2A477EC8-5CF3-4E45-83E7-8823FFEF98D7}.Debug|Any CPU.Build.0 = Debug|Any CPU
		{2A477EC8-5CF3-4E45-83E7-8823FFEF98D7}.Release|Any CPU.ActiveCfg = Release|Any CPU
		{2A477EC8-5CF3-4E45-83E7-8823FFEF98D7}.Release|Any CPU.Build.0 = Release|Any CPU
		{399C4282-F380-423C-8099-41107F2DA3EC}.Debug|Any CPU.ActiveCfg = Debug|Any CPU
		{399C4282-F380-423C-8099-41107F2DA3EC}.Debug|Any CPU.Build.0 = Debug|Any CPU
		{399C4282-F380-423C-8099-41107F2DA3EC}.Release|Any CPU.ActiveCfg = Release|Any CPU
		{399C4282-F380-423C-8099-41107F2DA3EC}.Release|Any CPU.Build.0 = Release|Any CPU
		{49377074-B247-452E-82ED-52BBA0BCCC69}.Debug|Any CPU.ActiveCfg = Debug|Any CPU
		{49377074-B247-452E-82ED-52BBA0BCCC69}.Debug|Any CPU.Build.0 = Debug|Any CPU
		{49377074-B247-452E-82ED-52BBA0BCCC69}.Release|Any CPU.ActiveCfg = Release|Any CPU
		{49377074-B247-452E-82ED-52BBA0BCCC69}.Release|Any CPU.Build.0 = Release|Any CPU
	EndGlobalSection
	GlobalSection(SolutionProperties) = preSolution
		HideSolutionNode = FALSE
	EndGlobalSection
	GlobalSection(NestedProjects) = preSolution
		{12345678-1234-1234-1234-123456789012} = {AAAAAAAA-BBBB-CCCC-DDDD-EEEEEEEEEEEE}
		{DF8D160A-FD7B-4D84-8D6E-B385E2FC5245} = {AAAAAAAA-BBBB-CCCC-DDDD-EEEEEEEEEEEE}
		{2A477EC8-5CF3-4E45-83E7-8823FFEF98D7} = {AAAAAAAA-BBBB-CCCC-DDDD-EEEEEEEEEEEE}
		{399C4282-F380-423C-8099-41107F2DA3EC} = {AAAAAAAA-BBBB-CCCC-DDDD-EEEEEEEEEEEE}
		{49377074-B247-452E-82ED-52BBA0BCCC69} = {AAAAAAAA-BBBB-CCCC-DDDD-EEEEEEEEEEEE}
	EndGlobalSection
	GlobalSection(ExtensibilityGlobals) = postSolution
		SolutionGuid = {B152D8AD-4BE5-461A-9E2E-3D35DCC63CFD}
	EndGlobalSection
EndGlobal
